// !$*UTF8*$!
{
	archiveVersion = 1;
	classes = {
	};
	objectVersion = 51;
	objects = {

/* Begin PBXBuildFile section */
		845169A525AAF58A00D8D46F /* FavouriteFilmCell.swift in Sources */ = {isa = PBXBuildFile; fileRef = 845169A325AAF58A00D8D46F /* FavouriteFilmCell.swift */; };
		845169A625AAF58A00D8D46F /* FavouriteFilmCell.xib in Resources */ = {isa = PBXBuildFile; fileRef = 845169A425AAF58A00D8D46F /* FavouriteFilmCell.xib */; };
		8451C69625ABA1D300410AEF /* Film.swift in Sources */ = {isa = PBXBuildFile; fileRef = 8451C69525ABA1D300410AEF /* Film.swift */; };
		8451C69925ABA63B00410AEF /* NetworkService.swift in Sources */ = {isa = PBXBuildFile; fileRef = 8451C69825ABA63B00410AEF /* NetworkService.swift */; };
		8452705E25ABD8FC002FECC8 /* Extension+String.swift in Sources */ = {isa = PBXBuildFile; fileRef = 8452705D25ABD8FC002FECC8 /* Extension+String.swift */; };
		8452706325AC0225002FECC8 /* CacheImageView.swift in Sources */ = {isa = PBXBuildFile; fileRef = 8452706225AC0225002FECC8 /* CacheImageView.swift */; };
		8452706725AC1D2E002FECC8 /* TabBarController.swift in Sources */ = {isa = PBXBuildFile; fileRef = 8452706625AC1D2E002FECC8 /* TabBarController.swift */; };
		8452706E25AC1E2D002FECC8 /* BackendAPI.swift in Sources */ = {isa = PBXBuildFile; fileRef = 8452706D25AC1E2D002FECC8 /* BackendAPI.swift */; };
		845D154725ADA8B70073C4C5 /* FavouriteFilmDetailViewController.swift in Sources */ = {isa = PBXBuildFile; fileRef = 845D154625ADA8B70073C4C5 /* FavouriteFilmDetailViewController.swift */; };
		845D154D25ADADFC0073C4C5 /* Extension+UILabel.swift in Sources */ = {isa = PBXBuildFile; fileRef = 845D154C25ADADFC0073C4C5 /* Extension+UILabel.swift */; };
		847955A525AAD3AF009652A6 /* AppDelegate.swift in Sources */ = {isa = PBXBuildFile; fileRef = 847955A425AAD3AF009652A6 /* AppDelegate.swift */; };
		847955A725AAD3AF009652A6 /* SceneDelegate.swift in Sources */ = {isa = PBXBuildFile; fileRef = 847955A625AAD3AF009652A6 /* SceneDelegate.swift */; };
		847955A925AAD3AF009652A6 /* FilmsListViewController.swift in Sources */ = {isa = PBXBuildFile; fileRef = 847955A825AAD3AF009652A6 /* FilmsListViewController.swift */; };
		847955AE25AAD3B2009652A6 /* Assets.xcassets in Resources */ = {isa = PBXBuildFile; fileRef = 847955AD25AAD3B2009652A6 /* Assets.xcassets */; };
		847955B125AAD3B2009652A6 /* LaunchScreen.storyboard in Resources */ = {isa = PBXBuildFile; fileRef = 847955AF25AAD3B2009652A6 /* LaunchScreen.storyboard */; };
		847955BC25AAD5F5009652A6 /* List.storyboard in Resources */ = {isa = PBXBuildFile; fileRef = 847955BB25AAD5F5009652A6 /* List.storyboard */; };
		847955C425AADECE009652A6 /* FilmCell.swift in Sources */ = {isa = PBXBuildFile; fileRef = 847955C325AADECE009652A6 /* FilmCell.swift */; };
		847955C725AAEFEF009652A6 /* FilmDetailViewController.swift in Sources */ = {isa = PBXBuildFile; fileRef = 847955C625AAEFEF009652A6 /* FilmDetailViewController.swift */; };
		847955CA25AAF224009652A6 /* FavouritesFilmsViewController.swift in Sources */ = {isa = PBXBuildFile; fileRef = 847955C925AAF224009652A6 /* FavouritesFilmsViewController.swift */; };
		ED18EF632AE4FA885396E20D /* Pods_MKCinema.framework in Frameworks */ = {isa = PBXBuildFile; fileRef = 31B682F359136C237863ABC9 /* Pods_MKCinema.framework */; };
/* End PBXBuildFile section */

/* Begin PBXFileReference section */
		31B682F359136C237863ABC9 /* Pods_MKCinema.framework */ = {isa = PBXFileReference; explicitFileType = wrapper.framework; includeInIndex = 0; path = Pods_MKCinema.framework; sourceTree = BUILT_PRODUCTS_DIR; };
		845169A325AAF58A00D8D46F /* FavouriteFilmCell.swift */ = {isa = PBXFileReference; lastKnownFileType = sourcecode.swift; path = FavouriteFilmCell.swift; sourceTree = "<group>"; };
		845169A425AAF58A00D8D46F /* FavouriteFilmCell.xib */ = {isa = PBXFileReference; lastKnownFileType = file.xib; path = FavouriteFilmCell.xib; sourceTree = "<group>"; };
		8451C69525ABA1D300410AEF /* Film.swift */ = {isa = PBXFileReference; lastKnownFileType = sourcecode.swift; path = Film.swift; sourceTree = "<group>"; };
		8451C69825ABA63B00410AEF /* NetworkService.swift */ = {isa = PBXFileReference; lastKnownFileType = sourcecode.swift; path = NetworkService.swift; sourceTree = "<group>"; };
		8452705D25ABD8FC002FECC8 /* Extension+String.swift */ = {isa = PBXFileReference; lastKnownFileType = sourcecode.swift; path = "Extension+String.swift"; sourceTree = "<group>"; };
		8452706225AC0225002FECC8 /* CacheImageView.swift */ = {isa = PBXFileReference; lastKnownFileType = sourcecode.swift; path = CacheImageView.swift; sourceTree = "<group>"; };
		8452706625AC1D2E002FECC8 /* TabBarController.swift */ = {isa = PBXFileReference; lastKnownFileType = sourcecode.swift; path = TabBarController.swift; sourceTree = "<group>"; };
		8452706D25AC1E2D002FECC8 /* BackendAPI.swift */ = {isa = PBXFileReference; lastKnownFileType = sourcecode.swift; path = BackendAPI.swift; sourceTree = "<group>"; };
		845D154625ADA8B70073C4C5 /* FavouriteFilmDetailViewController.swift */ = {isa = PBXFileReference; lastKnownFileType = sourcecode.swift; path = FavouriteFilmDetailViewController.swift; sourceTree = "<group>"; };
		845D154C25ADADFC0073C4C5 /* Extension+UILabel.swift */ = {isa = PBXFileReference; lastKnownFileType = sourcecode.swift; path = "Extension+UILabel.swift"; sourceTree = "<group>"; };
		847955A125AAD3AF009652A6 /* MKCinema.app */ = {isa = PBXFileReference; explicitFileType = wrapper.application; includeInIndex = 0; path = MKCinema.app; sourceTree = BUILT_PRODUCTS_DIR; };
		847955A425AAD3AF009652A6 /* AppDelegate.swift */ = {isa = PBXFileReference; lastKnownFileType = sourcecode.swift; path = AppDelegate.swift; sourceTree = "<group>"; };
		847955A625AAD3AF009652A6 /* SceneDelegate.swift */ = {isa = PBXFileReference; lastKnownFileType = sourcecode.swift; path = SceneDelegate.swift; sourceTree = "<group>"; };
		847955A825AAD3AF009652A6 /* FilmsListViewController.swift */ = {isa = PBXFileReference; lastKnownFileType = sourcecode.swift; path = FilmsListViewController.swift; sourceTree = "<group>"; };
		847955AD25AAD3B2009652A6 /* Assets.xcassets */ = {isa = PBXFileReference; lastKnownFileType = folder.assetcatalog; path = Assets.xcassets; sourceTree = "<group>"; };
		847955B025AAD3B2009652A6 /* Base */ = {isa = PBXFileReference; lastKnownFileType = file.storyboard; name = Base; path = Base.lproj/LaunchScreen.storyboard; sourceTree = "<group>"; };
		847955B225AAD3B2009652A6 /* Info.plist */ = {isa = PBXFileReference; lastKnownFileType = text.plist.xml; path = Info.plist; sourceTree = "<group>"; };
		847955BB25AAD5F5009652A6 /* List.storyboard */ = {isa = PBXFileReference; lastKnownFileType = file.storyboard; path = List.storyboard; sourceTree = "<group>"; };
		847955C325AADECE009652A6 /* FilmCell.swift */ = {isa = PBXFileReference; lastKnownFileType = sourcecode.swift; path = FilmCell.swift; sourceTree = "<group>"; };
		847955C625AAEFEF009652A6 /* FilmDetailViewController.swift */ = {isa = PBXFileReference; lastKnownFileType = sourcecode.swift; path = FilmDetailViewController.swift; sourceTree = "<group>"; };
		847955C925AAF224009652A6 /* FavouritesFilmsViewController.swift */ = {isa = PBXFileReference; lastKnownFileType = sourcecode.swift; path = FavouritesFilmsViewController.swift; sourceTree = "<group>"; };
		BC7E93411AC2CA87A42F790C /* Pods-MKCinema.release.xcconfig */ = {isa = PBXFileReference; includeInIndex = 1; lastKnownFileType = text.xcconfig; name = "Pods-MKCinema.release.xcconfig"; path = "Target Support Files/Pods-MKCinema/Pods-MKCinema.release.xcconfig"; sourceTree = "<group>"; };
		BFDC8B91953DEFCB1DADE86F /* Pods-MKCinema.debug.xcconfig */ = {isa = PBXFileReference; includeInIndex = 1; lastKnownFileType = text.xcconfig; name = "Pods-MKCinema.debug.xcconfig"; path = "Target Support Files/Pods-MKCinema/Pods-MKCinema.debug.xcconfig"; sourceTree = "<group>"; };
/* End PBXFileReference section */

/* Begin PBXFrameworksBuildPhase section */
		8479559E25AAD3AF009652A6 /* Frameworks */ = {
			isa = PBXFrameworksBuildPhase;
			buildActionMask = 2147483647;
			files = (
				ED18EF632AE4FA885396E20D /* Pods_MKCinema.framework in Frameworks */,
			);
			runOnlyForDeploymentPostprocessing = 0;
		};
/* End PBXFrameworksBuildPhase section */

/* Begin PBXGroup section */
		845169A925AAF58F00D8D46F /* FavouriteFilmCell */ = {
			isa = PBXGroup;
			children = (
				845169A325AAF58A00D8D46F /* FavouriteFilmCell.swift */,
				845169A425AAF58A00D8D46F /* FavouriteFilmCell.xib */,
			);
			path = FavouriteFilmCell;
			sourceTree = "<group>";
		};
		8451C68E25ABA03D00410AEF /* FavouritesFilmsViewController */ = {
			isa = PBXGroup;
			children = (
				847955C925AAF224009652A6 /* FavouritesFilmsViewController.swift */,
				845169A925AAF58F00D8D46F /* FavouriteFilmCell */,
			);
			path = FavouritesFilmsViewController;
			sourceTree = "<group>";
		};
		8451C69025ABA05200410AEF /* FilmsListViewController */ = {
			isa = PBXGroup;
			children = (
				847955A825AAD3AF009652A6 /* FilmsListViewController.swift */,
				847955CD25AAF2BB009652A6 /* FilmCell */,
			);
			path = FilmsListViewController;
			sourceTree = "<group>";
		};
		8451C69325ABA06C00410AEF /* FilmDetailViewController */ = {
			isa = PBXGroup;
			children = (
				847955C625AAEFEF009652A6 /* FilmDetailViewController.swift */,
			);
			path = FilmDetailViewController;
			sourceTree = "<group>";
		};
		8451C69B25ABAC2D00410AEF /* ServiceFiles */ = {
			isa = PBXGroup;
			children = (
				8451C69825ABA63B00410AEF /* NetworkService.swift */,
				8452706D25AC1E2D002FECC8 /* BackendAPI.swift */,
			);
			path = ServiceFiles;
			sourceTree = "<group>";
		};
		8452706025ABD908002FECC8 /* Extensions */ = {
			isa = PBXGroup;
			children = (
				8452705D25ABD8FC002FECC8 /* Extension+String.swift */,
				845D154C25ADADFC0073C4C5 /* Extension+UILabel.swift */,
			);
			path = Extensions;
			sourceTree = "<group>";
		};
		8452706925AC1D62002FECC8 /* CustomViews */ = {
			isa = PBXGroup;
			children = (
				8452706225AC0225002FECC8 /* CacheImageView.swift */,
			);
			path = CustomViews;
			sourceTree = "<group>";
		};
		8452706A25AC1D74002FECC8 /* Model */ = {
			isa = PBXGroup;
			children = (
				8451C69525ABA1D300410AEF /* Film.swift */,
			);
			path = Model;
			sourceTree = "<group>";
		};
		8452706B25AC1D83002FECC8 /* TabBar */ = {
			isa = PBXGroup;
			children = (
				8452706625AC1D2E002FECC8 /* TabBarController.swift */,
				8451C69025ABA05200410AEF /* FilmsListViewController */,
				8451C69325ABA06C00410AEF /* FilmDetailViewController */,
				8451C68E25ABA03D00410AEF /* FavouritesFilmsViewController */,
				845D154A25ADA8C90073C4C5 /* FavouriteFilmDetailViewController */,
			);
			path = TabBar;
			sourceTree = "<group>";
		};
		845D154A25ADA8C90073C4C5 /* FavouriteFilmDetailViewController */ = {
			isa = PBXGroup;
			children = (
				845D154625ADA8B70073C4C5 /* FavouriteFilmDetailViewController.swift */,
			);
			path = FavouriteFilmDetailViewController;
			sourceTree = "<group>";
		};
		8479559825AAD3AF009652A6 = {
			isa = PBXGroup;
			children = (
				847955A325AAD3AF009652A6 /* MKCinema */,
				847955A225AAD3AF009652A6 /* Products */,
				B8BFA0EE335B108FE0607A35 /* Pods */,
				DA8815A48E00A92C79D61EBF /* Frameworks */,
			);
			sourceTree = "<group>";
		};
		847955A225AAD3AF009652A6 /* Products */ = {
			isa = PBXGroup;
			children = (
				847955A125AAD3AF009652A6 /* MKCinema.app */,
			);
			name = Products;
			sourceTree = "<group>";
		};
		847955A325AAD3AF009652A6 /* MKCinema */ = {
			isa = PBXGroup;
			children = (
				847955A425AAD3AF009652A6 /* AppDelegate.swift */,
				847955A625AAD3AF009652A6 /* SceneDelegate.swift */,
				8451C69B25ABAC2D00410AEF /* ServiceFiles */,
				8452706925AC1D62002FECC8 /* CustomViews */,
				8452706025ABD908002FECC8 /* Extensions */,
				8452706A25AC1D74002FECC8 /* Model */,
				8452706B25AC1D83002FECC8 /* TabBar */,
				847955BB25AAD5F5009652A6 /* List.storyboard */,
				847955AD25AAD3B2009652A6 /* Assets.xcassets */,
				847955AF25AAD3B2009652A6 /* LaunchScreen.storyboard */,
				847955B225AAD3B2009652A6 /* Info.plist */,
			);
			path = MKCinema;
			sourceTree = "<group>";
		};
		847955CD25AAF2BB009652A6 /* FilmCell */ = {
			isa = PBXGroup;
			children = (
				847955C325AADECE009652A6 /* FilmCell.swift */,
			);
			path = FilmCell;
			sourceTree = "<group>";
		};
		B8BFA0EE335B108FE0607A35 /* Pods */ = {
			isa = PBXGroup;
			children = (
				BFDC8B91953DEFCB1DADE86F /* Pods-MKCinema.debug.xcconfig */,
				BC7E93411AC2CA87A42F790C /* Pods-MKCinema.release.xcconfig */,
			);
			path = Pods;
			sourceTree = "<group>";
		};
		DA8815A48E00A92C79D61EBF /* Frameworks */ = {
			isa = PBXGroup;
			children = (
				31B682F359136C237863ABC9 /* Pods_MKCinema.framework */,
			);
			name = Frameworks;
			sourceTree = "<group>";
		};
/* End PBXGroup section */

/* Begin PBXNativeTarget section */
		847955A025AAD3AF009652A6 /* MKCinema */ = {
			isa = PBXNativeTarget;
			buildConfigurationList = 847955B525AAD3B2009652A6 /* Build configuration list for PBXNativeTarget "MKCinema" */;
			buildPhases = (
				F8CE21E246D28E564E998735 /* [CP] Check Pods Manifest.lock */,
				8479559D25AAD3AF009652A6 /* Sources */,
				8479559E25AAD3AF009652A6 /* Frameworks */,
				8479559F25AAD3AF009652A6 /* Resources */,
				D2B697ABFA70B5A436F062B2 /* [CP] Embed Pods Frameworks */,
			);
			buildRules = (
			);
			dependencies = (
			);
			name = MKCinema;
			productName = MKCinema;
			productReference = 847955A125AAD3AF009652A6 /* MKCinema.app */;
			productType = "com.apple.product-type.application";
		};
/* End PBXNativeTarget section */

/* Begin PBXProject section */
		8479559925AAD3AF009652A6 /* Project object */ = {
			isa = PBXProject;
			attributes = {
				LastSwiftUpdateCheck = 1200;
				LastUpgradeCheck = 1200;
				TargetAttributes = {
					847955A025AAD3AF009652A6 = {
						CreatedOnToolsVersion = 12.0.1;
					};
				};
			};
			buildConfigurationList = 8479559C25AAD3AF009652A6 /* Build configuration list for PBXProject "MKCinema" */;
			compatibilityVersion = "Xcode 9.3";
			developmentRegion = en;
			hasScannedForEncodings = 0;
			knownRegions = (
				en,
				Base,
			);
			mainGroup = 8479559825AAD3AF009652A6;
			productRefGroup = 847955A225AAD3AF009652A6 /* Products */;
			projectDirPath = "";
			projectRoot = "";
			targets = (
				847955A025AAD3AF009652A6 /* MKCinema */,
			);
		};
/* End PBXProject section */

/* Begin PBXResourcesBuildPhase section */
		8479559F25AAD3AF009652A6 /* Resources */ = {
			isa = PBXResourcesBuildPhase;
			buildActionMask = 2147483647;
			files = (
				847955B125AAD3B2009652A6 /* LaunchScreen.storyboard in Resources */,
				847955BC25AAD5F5009652A6 /* List.storyboard in Resources */,
				847955AE25AAD3B2009652A6 /* Assets.xcassets in Resources */,
				845169A625AAF58A00D8D46F /* FavouriteFilmCell.xib in Resources */,
			);
			runOnlyForDeploymentPostprocessing = 0;
		};
/* End PBXResourcesBuildPhase section */

/* Begin PBXShellScriptBuildPhase section */
		D2B697ABFA70B5A436F062B2 /* [CP] Embed Pods Frameworks */ = {
			isa = PBXShellScriptBuildPhase;
			buildActionMask = 2147483647;
			files = (
			);
			inputFileListPaths = (
				"${PODS_ROOT}/Target Support Files/Pods-MKCinema/Pods-MKCinema-frameworks-${CONFIGURATION}-input-files.xcfilelist",
			);
			name = "[CP] Embed Pods Frameworks";
			outputFileListPaths = (
				"${PODS_ROOT}/Target Support Files/Pods-MKCinema/Pods-MKCinema-frameworks-${CONFIGURATION}-output-files.xcfilelist",
			);
			runOnlyForDeploymentPostprocessing = 0;
			shellPath = /bin/sh;
			shellScript = "\"${PODS_ROOT}/Target Support Files/Pods-MKCinema/Pods-MKCinema-frameworks.sh\"\n";
			showEnvVarsInLog = 0;
		};
		F8CE21E246D28E564E998735 /* [CP] Check Pods Manifest.lock */ = {
			isa = PBXShellScriptBuildPhase;
			buildActionMask = 2147483647;
			files = (
			);
			inputFileListPaths = (
			);
			inputPaths = (
				"${PODS_PODFILE_DIR_PATH}/Podfile.lock",
				"${PODS_ROOT}/Manifest.lock",
			);
			name = "[CP] Check Pods Manifest.lock";
			outputFileListPaths = (
			);
			outputPaths = (
				"$(DERIVED_FILE_DIR)/Pods-MKCinema-checkManifestLockResult.txt",
			);
			runOnlyForDeploymentPostprocessing = 0;
			shellPath = /bin/sh;
			shellScript = "diff \"${PODS_PODFILE_DIR_PATH}/Podfile.lock\" \"${PODS_ROOT}/Manifest.lock\" > /dev/null\nif [ $? != 0 ] ; then\n    # print error to STDERR\n    echo \"error: The sandbox is not in sync with the Podfile.lock. Run 'pod install' or update your CocoaPods installation.\" >&2\n    exit 1\nfi\n# This output is used by Xcode 'outputs' to avoid re-running this script phase.\necho \"SUCCESS\" > \"${SCRIPT_OUTPUT_FILE_0}\"\n";
			showEnvVarsInLog = 0;
		};
/* End PBXShellScriptBuildPhase section */

/* Begin PBXSourcesBuildPhase section */
		8479559D25AAD3AF009652A6 /* Sources */ = {
			isa = PBXSourcesBuildPhase;
			buildActionMask = 2147483647;
			files = (
				8452705E25ABD8FC002FECC8 /* Extension+String.swift in Sources */,
				847955A925AAD3AF009652A6 /* FilmsListViewController.swift in Sources */,
				847955C425AADECE009652A6 /* FilmCell.swift in Sources */,
				845D154725ADA8B70073C4C5 /* FavouriteFilmDetailViewController.swift in Sources */,
				847955CA25AAF224009652A6 /* FavouritesFilmsViewController.swift in Sources */,
				847955C725AAEFEF009652A6 /* FilmDetailViewController.swift in Sources */,
				845D154D25ADADFC0073C4C5 /* Extension+UILabel.swift in Sources */,
				8451C69925ABA63B00410AEF /* NetworkService.swift in Sources */,
				845169A525AAF58A00D8D46F /* FavouriteFilmCell.swift in Sources */,
				8451C69625ABA1D300410AEF /* Film.swift in Sources */,
				847955A525AAD3AF009652A6 /* AppDelegate.swift in Sources */,
				8452706725AC1D2E002FECC8 /* TabBarController.swift in Sources */,
				847955A725AAD3AF009652A6 /* SceneDelegate.swift in Sources */,
				8452706325AC0225002FECC8 /* CacheImageView.swift in Sources */,
				8452706E25AC1E2D002FECC8 /* BackendAPI.swift in Sources */,
			);
			runOnlyForDeploymentPostprocessing = 0;
		};
/* End PBXSourcesBuildPhase section */

/* Begin PBXVariantGroup section */
		847955AF25AAD3B2009652A6 /* LaunchScreen.storyboard */ = {
			isa = PBXVariantGroup;
			children = (
				847955B025AAD3B2009652A6 /* Base */,
			);
			name = LaunchScreen.storyboard;
			sourceTree = "<group>";
		};
/* End PBXVariantGroup section */

/* Begin XCBuildConfiguration section */
		847955B325AAD3B2009652A6 /* Debug */ = {
			isa = XCBuildConfiguration;
			buildSettings = {
				ALWAYS_SEARCH_USER_PATHS = NO;
				CLANG_ANALYZER_NONNULL = YES;
				CLANG_ANALYZER_NUMBER_OBJECT_CONVERSION = YES_AGGRESSIVE;
				CLANG_CXX_LANGUAGE_STANDARD = "gnu++14";
				CLANG_CXX_LIBRARY = "libc++";
				CLANG_ENABLE_MODULES = YES;
				CLANG_ENABLE_OBJC_ARC = YES;
				CLANG_ENABLE_OBJC_WEAK = YES;
				CLANG_WARN_BLOCK_CAPTURE_AUTORELEASING = YES;
				CLANG_WARN_BOOL_CONVERSION = YES;
				CLANG_WARN_COMMA = YES;
				CLANG_WARN_CONSTANT_CONVERSION = YES;
				CLANG_WARN_DEPRECATED_OBJC_IMPLEMENTATIONS = YES;
				CLANG_WARN_DIRECT_OBJC_ISA_USAGE = YES_ERROR;
				CLANG_WARN_DOCUMENTATION_COMMENTS = YES;
				CLANG_WARN_EMPTY_BODY = YES;
				CLANG_WARN_ENUM_CONVERSION = YES;
				CLANG_WARN_INFINITE_RECURSION = YES;
				CLANG_WARN_INT_CONVERSION = YES;
				CLANG_WARN_NON_LITERAL_NULL_CONVERSION = YES;
				CLANG_WARN_OBJC_IMPLICIT_RETAIN_SELF = YES;
				CLANG_WARN_OBJC_LITERAL_CONVERSION = YES;
				CLANG_WARN_OBJC_ROOT_CLASS = YES_ERROR;
				CLANG_WARN_QUOTED_INCLUDE_IN_FRAMEWORK_HEADER = YES;
				CLANG_WARN_RANGE_LOOP_ANALYSIS = YES;
				CLANG_WARN_STRICT_PROTOTYPES = YES;
				CLANG_WARN_SUSPICIOUS_MOVE = YES;
				CLANG_WARN_UNGUARDED_AVAILABILITY = YES_AGGRESSIVE;
				CLANG_WARN_UNREACHABLE_CODE = YES;
				CLANG_WARN__DUPLICATE_METHOD_MATCH = YES;
				COPY_PHASE_STRIP = NO;
				DEBUG_INFORMATION_FORMAT = dwarf;
				ENABLE_STRICT_OBJC_MSGSEND = YES;
				ENABLE_TESTABILITY = YES;
				GCC_C_LANGUAGE_STANDARD = gnu11;
				GCC_DYNAMIC_NO_PIC = NO;
				GCC_NO_COMMON_BLOCKS = YES;
				GCC_OPTIMIZATION_LEVEL = 0;
				GCC_PREPROCESSOR_DEFINITIONS = (
					"DEBUG=1",
					"$(inherited)",
				);
				GCC_WARN_64_TO_32_BIT_CONVERSION = YES;
				GCC_WARN_ABOUT_RETURN_TYPE = YES_ERROR;
				GCC_WARN_UNDECLARED_SELECTOR = YES;
				GCC_WARN_UNINITIALIZED_AUTOS = YES_AGGRESSIVE;
				GCC_WARN_UNUSED_FUNCTION = YES;
				GCC_WARN_UNUSED_VARIABLE = YES;
				IPHONEOS_DEPLOYMENT_TARGET = 14.0;
				MTL_ENABLE_DEBUG_INFO = INCLUDE_SOURCE;
				MTL_FAST_MATH = YES;
				ONLY_ACTIVE_ARCH = YES;
				SDKROOT = iphoneos;
				SWIFT_ACTIVE_COMPILATION_CONDITIONS = DEBUG;
				SWIFT_OPTIMIZATION_LEVEL = "-Onone";
			};
			name = Debug;
		};
		847955B425AAD3B2009652A6 /* Release */ = {
			isa = XCBuildConfiguration;
			buildSettings = {
				ALWAYS_SEARCH_USER_PATHS = NO;
				CLANG_ANALYZER_NONNULL = YES;
				CLANG_ANALYZER_NUMBER_OBJECT_CONVERSION = YES_AGGRESSIVE;
				CLANG_CXX_LANGUAGE_STANDARD = "gnu++14";
				CLANG_CXX_LIBRARY = "libc++";
				CLANG_ENABLE_MODULES = YES;
				CLANG_ENABLE_OBJC_ARC = YES;
				CLANG_ENABLE_OBJC_WEAK = YES;
				CLANG_WARN_BLOCK_CAPTURE_AUTORELEASING = YES;
				CLANG_WARN_BOOL_CONVERSION = YES;
				CLANG_WARN_COMMA = YES;
				CLANG_WARN_CONSTANT_CONVERSION = YES;
				CLANG_WARN_DEPRECATED_OBJC_IMPLEMENTATIONS = YES;
				CLANG_WARN_DIRECT_OBJC_ISA_USAGE = YES_ERROR;
				CLANG_WARN_DOCUMENTATION_COMMENTS = YES;
				CLANG_WARN_EMPTY_BODY = YES;
				CLANG_WARN_ENUM_CONVERSION = YES;
				CLANG_WARN_INFINITE_RECURSION = YES;
				CLANG_WARN_INT_CONVERSION = YES;
				CLANG_WARN_NON_LITERAL_NULL_CONVERSION = YES;
				CLANG_WARN_OBJC_IMPLICIT_RETAIN_SELF = YES;
				CLANG_WARN_OBJC_LITERAL_CONVERSION = YES;
				CLANG_WARN_OBJC_ROOT_CLASS = YES_ERROR;
				CLANG_WARN_QUOTED_INCLUDE_IN_FRAMEWORK_HEADER = YES;
				CLANG_WARN_RANGE_LOOP_ANALYSIS = YES;
				CLANG_WARN_STRICT_PROTOTYPES = YES;
				CLANG_WARN_SUSPICIOUS_MOVE = YES;
				CLANG_WARN_UNGUARDED_AVAILABILITY = YES_AGGRESSIVE;
				CLANG_WARN_UNREACHABLE_CODE = YES;
				CLANG_WARN__DUPLICATE_METHOD_MATCH = YES;
				COPY_PHASE_STRIP = NO;
				DEBUG_INFORMATION_FORMAT = "dwarf-with-dsym";
				ENABLE_NS_ASSERTIONS = NO;
				ENABLE_STRICT_OBJC_MSGSEND = YES;
				GCC_C_LANGUAGE_STANDARD = gnu11;
				GCC_NO_COMMON_BLOCKS = YES;
				GCC_WARN_64_TO_32_BIT_CONVERSION = YES;
				GCC_WARN_ABOUT_RETURN_TYPE = YES_ERROR;
				GCC_WARN_UNDECLARED_SELECTOR = YES;
				GCC_WARN_UNINITIALIZED_AUTOS = YES_AGGRESSIVE;
				GCC_WARN_UNUSED_FUNCTION = YES;
				GCC_WARN_UNUSED_VARIABLE = YES;
				IPHONEOS_DEPLOYMENT_TARGET = 14.0;
				MTL_ENABLE_DEBUG_INFO = NO;
				MTL_FAST_MATH = YES;
				SDKROOT = iphoneos;
				SWIFT_COMPILATION_MODE = wholemodule;
				SWIFT_OPTIMIZATION_LEVEL = "-O";
				VALIDATE_PRODUCT = YES;
			};
			name = Release;
		};
		847955B625AAD3B2009652A6 /* Debug */ = {
			isa = XCBuildConfiguration;
			baseConfigurationReference = BFDC8B91953DEFCB1DADE86F /* Pods-MKCinema.debug.xcconfig */;
			buildSettings = {
				ASSETCATALOG_COMPILER_APPICON_NAME = AppIcon;
				ASSETCATALOG_COMPILER_GLOBAL_ACCENT_COLOR_NAME = AccentColor;
				CODE_SIGN_STYLE = Automatic;
				INFOPLIST_FILE = MKCinema/Info.plist;
				LD_RUNPATH_SEARCH_PATHS = (
					"$(inherited)",
					"@executable_path/Frameworks",
				);
				PRODUCT_BUNDLE_IDENTIFIER = MK.MKCinema;
				PRODUCT_NAME = "$(TARGET_NAME)";
				SWIFT_VERSION = 5.0;
				TARGETED_DEVICE_FAMILY = "1,2";
			};
			name = Debug;
		};
		847955B725AAD3B2009652A6 /* Release */ = {
			isa = XCBuildConfiguration;
			baseConfigurationReference = BC7E93411AC2CA87A42F790C /* Pods-MKCinema.release.xcconfig */;
			buildSettings = {
				ASSETCATALOG_COMPILER_APPICON_NAME = AppIcon;
				ASSETCATALOG_COMPILER_GLOBAL_ACCENT_COLOR_NAME = AccentColor;
				CODE_SIGN_STYLE = Automatic;
				INFOPLIST_FILE = MKCinema/Info.plist;
				LD_RUNPATH_SEARCH_PATHS = (
					"$(inherited)",
					"@executable_path/Frameworks",
				);
				PRODUCT_BUNDLE_IDENTIFIER = MK.MKCinema;
				PRODUCT_NAME = "$(TARGET_NAME)";
				SWIFT_VERSION = 5.0;
				TARGETED_DEVICE_FAMILY = "1,2";
			};
			name = Release;
		};
/* End XCBuildConfiguration section */

/* Begin XCConfigurationList section */
		8479559C25AAD3AF009652A6 /* Build configuration list for PBXProject "MKCinema" */ = {
			isa = XCConfigurationList;
			buildConfigurations = (
				847955B325AAD3B2009652A6 /* Debug */,
				847955B425AAD3B2009652A6 /* Release */,
			);
			defaultConfigurationIsVisible = 0;
			defaultConfigurationName = Release;
		};
		847955B525AAD3B2009652A6 /* Build configuration list for PBXNativeTarget "MKCinema" */ = {
			isa = XCConfigurationList;
			buildConfigurations = (
				847955B625AAD3B2009652A6 /* Debug */,
				847955B725AAD3B2009652A6 /* Release */,
			);
			defaultConfigurationIsVisible = 0;
			defaultConfigurationName = Release;
		};
/* End XCConfigurationList section */
	};
	rootObject = 8479559925AAD3AF009652A6 /* Project object */;
}
